// !$*UTF8*$!
{
	archiveVersion = 1;
	classes = {
	};
	objectVersion = 56;
	objects = {

/* Begin PBXBuildFile section */
		B33E393C296B444F00B40EAC /* OAuth2Service.swift in Sources */ = {isa = PBXBuildFile; fileRef = B33E393B296B444F00B40EAC /* OAuth2Service.swift */; };
		B33E393E296B4AC000B40EAC /* OAuth2TokenStorage.swift in Sources */ = {isa = PBXBuildFile; fileRef = B33E393D296B4AC000B40EAC /* OAuth2TokenStorage.swift */; };
		B33E3940296B4B6000B40EAC /* OAuthTokenResponseBody.swift in Sources */ = {isa = PBXBuildFile; fileRef = B33E393F296B4B6000B40EAC /* OAuthTokenResponseBody.swift */; };
		B33E3942296C681800B40EAC /* SplashViewController.swift in Sources */ = {isa = PBXBuildFile; fileRef = B33E3941296C681800B40EAC /* SplashViewController.swift */; };
		B3688CB02954DD2C0007D6F3 /* SingleImageViewController.swift in Sources */ = {isa = PBXBuildFile; fileRef = B3688CAF2954DD2C0007D6F3 /* SingleImageViewController.swift */; };
		B3767A0C29630C71003E9403 /* Constants.swift in Sources */ = {isa = PBXBuildFile; fileRef = B3767A0B29630C71003E9403 /* Constants.swift */; };
		B376EE5A29354BBC00161149 /* ImagesListCell.swift in Sources */ = {isa = PBXBuildFile; fileRef = B376EE5929354BBC00161149 /* ImagesListCell.swift */; };
		B376EE5D29436F4300161149 /* ProfileViewController.swift in Sources */ = {isa = PBXBuildFile; fileRef = B376EE5C29436F4300161149 /* ProfileViewController.swift */; };
		B3820A76292C066400CBB840 /* AppDelegate.swift in Sources */ = {isa = PBXBuildFile; fileRef = B3820A75292C066400CBB840 /* AppDelegate.swift */; };
		B3820A78292C066400CBB840 /* SceneDelegate.swift in Sources */ = {isa = PBXBuildFile; fileRef = B3820A77292C066400CBB840 /* SceneDelegate.swift */; };
		B3820A7A292C066400CBB840 /* ImagesListViewController.swift in Sources */ = {isa = PBXBuildFile; fileRef = B3820A79292C066400CBB840 /* ImagesListViewController.swift */; };
		B3820A7D292C066400CBB840 /* Main.storyboard in Resources */ = {isa = PBXBuildFile; fileRef = B3820A7B292C066400CBB840 /* Main.storyboard */; };
		B3820A7F292C066500CBB840 /* Assets.xcassets in Resources */ = {isa = PBXBuildFile; fileRef = B3820A7E292C066500CBB840 /* Assets.xcassets */; };
		B3820A82292C066500CBB840 /* LaunchScreen.storyboard in Resources */ = {isa = PBXBuildFile; fileRef = B3820A80292C066500CBB840 /* LaunchScreen.storyboard */; };
		B3D2B9332964C2DC00BAE02F /* AuthViewController.swift in Sources */ = {isa = PBXBuildFile; fileRef = B3D2B9322964C2DC00BAE02F /* AuthViewController.swift */; };
		B3D2B9362965E65B00BAE02F /* WebViewViewController.swift in Sources */ = {isa = PBXBuildFile; fileRef = B3D2B9352965E65B00BAE02F /* WebViewViewController.swift */; };
/* End PBXBuildFile section */

/* Begin PBXFileReference section */
		B33E393B296B444F00B40EAC /* OAuth2Service.swift */ = {isa = PBXFileReference; lastKnownFileType = sourcecode.swift; path = OAuth2Service.swift; sourceTree = SOURCE_ROOT; };
		B33E393D296B4AC000B40EAC /* OAuth2TokenStorage.swift */ = {isa = PBXFileReference; lastKnownFileType = sourcecode.swift; path = OAuth2TokenStorage.swift; sourceTree = "<group>"; };
		B33E393F296B4B6000B40EAC /* OAuthTokenResponseBody.swift */ = {isa = PBXFileReference; lastKnownFileType = sourcecode.swift; path = OAuthTokenResponseBody.swift; sourceTree = "<group>"; };
		B33E3941296C681800B40EAC /* SplashViewController.swift */ = {isa = PBXFileReference; lastKnownFileType = sourcecode.swift; name = SplashViewController.swift; path = ImageFeed/Splash/SplashViewController.swift; sourceTree = SOURCE_ROOT; };
		B3688CAF2954DD2C0007D6F3 /* SingleImageViewController.swift */ = {isa = PBXFileReference; lastKnownFileType = sourcecode.swift; path = SingleImageViewController.swift; sourceTree = "<group>"; };
		B3767A0B29630C71003E9403 /* Constants.swift */ = {isa = PBXFileReference; lastKnownFileType = sourcecode.swift; path = Constants.swift; sourceTree = "<group>"; };
		B376EE5929354BBC00161149 /* ImagesListCell.swift */ = {isa = PBXFileReference; lastKnownFileType = sourcecode.swift; path = ImagesListCell.swift; sourceTree = "<group>"; };
		B376EE5C29436F4300161149 /* ProfileViewController.swift */ = {isa = PBXFileReference; lastKnownFileType = sourcecode.swift; path = ProfileViewController.swift; sourceTree = "<group>"; };
		B3820A72292C066400CBB840 /* ImageFeed.app */ = {isa = PBXFileReference; explicitFileType = wrapper.application; includeInIndex = 0; path = ImageFeed.app; sourceTree = BUILT_PRODUCTS_DIR; };
		B3820A75292C066400CBB840 /* AppDelegate.swift */ = {isa = PBXFileReference; lastKnownFileType = sourcecode.swift; path = AppDelegate.swift; sourceTree = "<group>"; };
		B3820A77292C066400CBB840 /* SceneDelegate.swift */ = {isa = PBXFileReference; lastKnownFileType = sourcecode.swift; path = SceneDelegate.swift; sourceTree = "<group>"; };
		B3820A79292C066400CBB840 /* ImagesListViewController.swift */ = {isa = PBXFileReference; lastKnownFileType = sourcecode.swift; path = ImagesListViewController.swift; sourceTree = "<group>"; };
		B3820A7C292C066400CBB840 /* Base */ = {isa = PBXFileReference; lastKnownFileType = file.storyboard; name = Base; path = Base.lproj/Main.storyboard; sourceTree = "<group>"; };
		B3820A7E292C066500CBB840 /* Assets.xcassets */ = {isa = PBXFileReference; lastKnownFileType = folder.assetcatalog; path = Assets.xcassets; sourceTree = "<group>"; };
		B3820A81292C066500CBB840 /* Base */ = {isa = PBXFileReference; lastKnownFileType = file.storyboard; name = Base; path = Base.lproj/LaunchScreen.storyboard; sourceTree = "<group>"; };
		B3820A83292C066500CBB840 /* Info.plist */ = {isa = PBXFileReference; lastKnownFileType = text.plist.xml; path = Info.plist; sourceTree = "<group>"; };
		B3D2B9322964C2DC00BAE02F /* AuthViewController.swift */ = {isa = PBXFileReference; lastKnownFileType = sourcecode.swift; path = AuthViewController.swift; sourceTree = "<group>"; };
		B3D2B9352965E65B00BAE02F /* WebViewViewController.swift */ = {isa = PBXFileReference; lastKnownFileType = sourcecode.swift; path = WebViewViewController.swift; sourceTree = "<group>"; };
/* End PBXFileReference section */

/* Begin PBXFrameworksBuildPhase section */
		B3820A6F292C066400CBB840 /* Frameworks */ = {
			isa = PBXFrameworksBuildPhase;
			buildActionMask = 2147483647;
			files = (
			);
			runOnlyForDeploymentPostprocessing = 0;
		};
/* End PBXFrameworksBuildPhase section */

/* Begin PBXGroup section */
		B33E39462974B7E500B40EAC /* Models */ = {
			isa = PBXGroup;
			children = (
				B33E393D296B4AC000B40EAC /* OAuth2TokenStorage.swift */,
				B3767A0B29630C71003E9403 /* Constants.swift */,
			);
			path = Models;
			sourceTree = "<group>";
		};
		B33E39472974B81800B40EAC /* Splash */ = {
			isa = PBXGroup;
			children = (
				B33E3941296C681800B40EAC /* SplashViewController.swift */,
			);
			path = Splash;
			sourceTree = "<group>";
		};
		B3688CB22954DD940007D6F3 /* SingleImageViewController */ = {
			isa = PBXGroup;
			children = (
				B3688CAF2954DD2C0007D6F3 /* SingleImageViewController.swift */,
			);
			path = SingleImageViewController;
			sourceTree = "<group>";
		};
		B376EE5B29354BC600161149 /* ImagesList */ = {
			isa = PBXGroup;
			children = (
				B3820A79292C066400CBB840 /* ImagesListViewController.swift */,
				B376EE5929354BBC00161149 /* ImagesListCell.swift */,
			);
			path = ImagesList;
			sourceTree = "<group>";
		};
		B376EE622943765200161149 /* ProfileView */ = {
			isa = PBXGroup;
			children = (
				B376EE5C29436F4300161149 /* ProfileViewController.swift */,
			);
			path = ProfileView;
			sourceTree = "<group>";
		};
		B3820A69292C066400CBB840 = {
			isa = PBXGroup;
			children = (
				B3820A74292C066400CBB840 /* ImageFeed */,
				B3820A73292C066400CBB840 /* Products */,
			);
			sourceTree = "<group>";
		};
		B3820A73292C066400CBB840 /* Products */ = {
			isa = PBXGroup;
			children = (
				B3820A72292C066400CBB840 /* ImageFeed.app */,
			);
			name = Products;
			sourceTree = "<group>";
		};
		B3820A74292C066400CBB840 /* ImageFeed */ = {
			isa = PBXGroup;
			children = (
				B33E39462974B7E500B40EAC /* Models */,
				B33E39472974B81800B40EAC /* Splash */,
				B3D2B9342964C2E500BAE02F /* Auth */,
				B3688CB22954DD940007D6F3 /* SingleImageViewController */,
				B376EE622943765200161149 /* ProfileView */,
				B376EE5B29354BC600161149 /* ImagesList */,
				B3820A7E292C066500CBB840 /* Assets.xcassets */,
				B3820A80292C066500CBB840 /* LaunchScreen.storyboard */,
				B3820A75292C066400CBB840 /* AppDelegate.swift */,
				B3820A77292C066400CBB840 /* SceneDelegate.swift */,
				B3820A7B292C066400CBB840 /* Main.storyboard */,
				B3820A83292C066500CBB840 /* Info.plist */,
			);
			path = ImageFeed;
			sourceTree = "<group>";
		};
		B3D2B9342964C2E500BAE02F /* Auth */ = {
			isa = PBXGroup;
			children = (
				B33E393B296B444F00B40EAC /* OAuth2Service.swift */,
				B33E393F296B4B6000B40EAC /* OAuthTokenResponseBody.swift */,
				B3D2B9322964C2DC00BAE02F /* AuthViewController.swift */,
				B3D2B9352965E65B00BAE02F /* WebViewViewController.swift */,
			);
			path = Auth;
			sourceTree = "<group>";
		};
/* End PBXGroup section */

/* Begin PBXNativeTarget section */
		B3820A71292C066400CBB840 /* ImageFeed */ = {
			isa = PBXNativeTarget;
			buildConfigurationList = B3820A86292C066500CBB840 /* Build configuration list for PBXNativeTarget "ImageFeed" */;
			buildPhases = (
				B3820A6E292C066400CBB840 /* Sources */,
				B3820A6F292C066400CBB840 /* Frameworks */,
				B3820A70292C066400CBB840 /* Resources */,
			);
			buildRules = (
			);
			dependencies = (
			);
			name = ImageFeed;
			productName = ImageFeed;
			productReference = B3820A72292C066400CBB840 /* ImageFeed.app */;
			productType = "com.apple.product-type.application";
		};
/* End PBXNativeTarget section */

/* Begin PBXProject section */
		B3820A6A292C066400CBB840 /* Project object */ = {
			isa = PBXProject;
			attributes = {
				BuildIndependentTargetsInParallel = 1;
				LastSwiftUpdateCheck = 1410;
				LastUpgradeCheck = 1410;
				TargetAttributes = {
					B3820A71292C066400CBB840 = {
						CreatedOnToolsVersion = 14.1;
					};
				};
			};
			buildConfigurationList = B3820A6D292C066400CBB840 /* Build configuration list for PBXProject "ImageFeed" */;
			compatibilityVersion = "Xcode 14.0";
			developmentRegion = en;
			hasScannedForEncodings = 0;
			knownRegions = (
				en,
				Base,
			);
			mainGroup = B3820A69292C066400CBB840;
			productRefGroup = B3820A73292C066400CBB840 /* Products */;
			projectDirPath = "";
			projectRoot = "";
			targets = (
				B3820A71292C066400CBB840 /* ImageFeed */,
			);
		};
/* End PBXProject section */

/* Begin PBXResourcesBuildPhase section */
		B3820A70292C066400CBB840 /* Resources */ = {
			isa = PBXResourcesBuildPhase;
			buildActionMask = 2147483647;
			files = (
				B3820A82292C066500CBB840 /* LaunchScreen.storyboard in Resources */,
				B3820A7F292C066500CBB840 /* Assets.xcassets in Resources */,
				B3820A7D292C066400CBB840 /* Main.storyboard in Resources */,
			);
			runOnlyForDeploymentPostprocessing = 0;
		};
/* End PBXResourcesBuildPhase section */

/* Begin PBXSourcesBuildPhase section */
		B3820A6E292C066400CBB840 /* Sources */ = {
			isa = PBXSourcesBuildPhase;
			buildActionMask = 2147483647;
			files = (
				B3820A7A292C066400CBB840 /* ImagesListViewController.swift in Sources */,
				B33E3940296B4B6000B40EAC /* OAuthTokenResponseBody.swift in Sources */,
				B376EE5A29354BBC00161149 /* ImagesListCell.swift in Sources */,
				B376EE5D29436F4300161149 /* ProfileViewController.swift in Sources */,
				B3820A76292C066400CBB840 /* AppDelegate.swift in Sources */,
				B33E393E296B4AC000B40EAC /* OAuth2TokenStorage.swift in Sources */,
				B33E3942296C681800B40EAC /* SplashViewController.swift in Sources */,
				B3D2B9332964C2DC00BAE02F /* AuthViewController.swift in Sources */,
				B3767A0C29630C71003E9403 /* Constants.swift in Sources */,
				B3688CB02954DD2C0007D6F3 /* SingleImageViewController.swift in Sources */,
				B3D2B9362965E65B00BAE02F /* WebViewViewController.swift in Sources */,
				B33E393C296B444F00B40EAC /* OAuth2Service.swift in Sources */,
				B3820A78292C066400CBB840 /* SceneDelegate.swift in Sources */,
			);
			runOnlyForDeploymentPostprocessing = 0;
		};
/* End PBXSourcesBuildPhase section */

/* Begin PBXVariantGroup section */
		B3820A7B292C066400CBB840 /* Main.storyboard */ = {
			isa = PBXVariantGroup;
			children = (
				B3820A7C292C066400CBB840 /* Base */,
			);
			name = Main.storyboard;
			sourceTree = "<group>";
		};
		B3820A80292C066500CBB840 /* LaunchScreen.storyboard */ = {
			isa = PBXVariantGroup;
			children = (
				B3820A81292C066500CBB840 /* Base */,
			);
			name = LaunchScreen.storyboard;
			sourceTree = "<group>";
		};
/* End PBXVariantGroup section */

/* Begin XCBuildConfiguration section */
		B3820A84292C066500CBB840 /* Debug */ = {
			isa = XCBuildConfiguration;
			buildSettings = {
				ALWAYS_SEARCH_USER_PATHS = NO;
				CLANG_ANALYZER_NONNULL = YES;
				CLANG_ANALYZER_NUMBER_OBJECT_CONVERSION = YES_AGGRESSIVE;
				CLANG_CXX_LANGUAGE_STANDARD = "gnu++20";
				CLANG_ENABLE_MODULES = YES;
				CLANG_ENABLE_OBJC_ARC = YES;
				CLANG_ENABLE_OBJC_WEAK = YES;
				CLANG_WARN_BLOCK_CAPTURE_AUTORELEASING = YES;
				CLANG_WARN_BOOL_CONVERSION = YES;
				CLANG_WARN_COMMA = YES;
				CLANG_WARN_CONSTANT_CONVERSION = YES;
				CLANG_WARN_DEPRECATED_OBJC_IMPLEMENTATIONS = YES;
				CLANG_WARN_DIRECT_OBJC_ISA_USAGE = YES_ERROR;
				CLANG_WARN_DOCUMENTATION_COMMENTS = YES;
				CLANG_WARN_EMPTY_BODY = YES;
				CLANG_WARN_ENUM_CONVERSION = YES;
				CLANG_WARN_INFINITE_RECURSION = YES;
				CLANG_WARN_INT_CONVERSION = YES;
				CLANG_WARN_NON_LITERAL_NULL_CONVERSION = YES;
				CLANG_WARN_OBJC_IMPLICIT_RETAIN_SELF = YES;
				CLANG_WARN_OBJC_LITERAL_CONVERSION = YES;
				CLANG_WARN_OBJC_ROOT_CLASS = YES_ERROR;
				CLANG_WARN_QUOTED_INCLUDE_IN_FRAMEWORK_HEADER = YES;
				CLANG_WARN_RANGE_LOOP_ANALYSIS = YES;
				CLANG_WARN_STRICT_PROTOTYPES = YES;
				CLANG_WARN_SUSPICIOUS_MOVE = YES;
				CLANG_WARN_UNGUARDED_AVAILABILITY = YES_AGGRESSIVE;
				CLANG_WARN_UNREACHABLE_CODE = YES;
				CLANG_WARN__DUPLICATE_METHOD_MATCH = YES;
				COPY_PHASE_STRIP = NO;
				DEBUG_INFORMATION_FORMAT = dwarf;
				ENABLE_STRICT_OBJC_MSGSEND = YES;
				ENABLE_TESTABILITY = YES;
				GCC_C_LANGUAGE_STANDARD = gnu11;
				GCC_DYNAMIC_NO_PIC = NO;
				GCC_NO_COMMON_BLOCKS = YES;
				GCC_OPTIMIZATION_LEVEL = 0;
				GCC_PREPROCESSOR_DEFINITIONS = (
					"DEBUG=1",
					"$(inherited)",
				);
				GCC_WARN_64_TO_32_BIT_CONVERSION = YES;
				GCC_WARN_ABOUT_RETURN_TYPE = YES_ERROR;
				GCC_WARN_UNDECLARED_SELECTOR = YES;
				GCC_WARN_UNINITIALIZED_AUTOS = YES_AGGRESSIVE;
				GCC_WARN_UNUSED_FUNCTION = YES;
				GCC_WARN_UNUSED_VARIABLE = YES;
				IPHONEOS_DEPLOYMENT_TARGET = 16.1;
				MTL_ENABLE_DEBUG_INFO = INCLUDE_SOURCE;
				MTL_FAST_MATH = YES;
				ONLY_ACTIVE_ARCH = YES;
				SDKROOT = iphoneos;
				SWIFT_ACTIVE_COMPILATION_CONDITIONS = DEBUG;
				SWIFT_OPTIMIZATION_LEVEL = "-Onone";
			};
			name = Debug;
		};
		B3820A85292C066500CBB840 /* Release */ = {
			isa = XCBuildConfiguration;
			buildSettings = {
				ALWAYS_SEARCH_USER_PATHS = NO;
				CLANG_ANALYZER_NONNULL = YES;
				CLANG_ANALYZER_NUMBER_OBJECT_CONVERSION = YES_AGGRESSIVE;
				CLANG_CXX_LANGUAGE_STANDARD = "gnu++20";
				CLANG_ENABLE_MODULES = YES;
				CLANG_ENABLE_OBJC_ARC = YES;
				CLANG_ENABLE_OBJC_WEAK = YES;
				CLANG_WARN_BLOCK_CAPTURE_AUTORELEASING = YES;
				CLANG_WARN_BOOL_CONVERSION = YES;
				CLANG_WARN_COMMA = YES;
				CLANG_WARN_CONSTANT_CONVERSION = YES;
				CLANG_WARN_DEPRECATED_OBJC_IMPLEMENTATIONS = YES;
				CLANG_WARN_DIRECT_OBJC_ISA_USAGE = YES_ERROR;
				CLANG_WARN_DOCUMENTATION_COMMENTS = YES;
				CLANG_WARN_EMPTY_BODY = YES;
				CLANG_WARN_ENUM_CONVERSION = YES;
				CLANG_WARN_INFINITE_RECURSION = YES;
				CLANG_WARN_INT_CONVERSION = YES;
				CLANG_WARN_NON_LITERAL_NULL_CONVERSION = YES;
				CLANG_WARN_OBJC_IMPLICIT_RETAIN_SELF = YES;
				CLANG_WARN_OBJC_LITERAL_CONVERSION = YES;
				CLANG_WARN_OBJC_ROOT_CLASS = YES_ERROR;
				CLANG_WARN_QUOTED_INCLUDE_IN_FRAMEWORK_HEADER = YES;
				CLANG_WARN_RANGE_LOOP_ANALYSIS = YES;
				CLANG_WARN_STRICT_PROTOTYPES = YES;
				CLANG_WARN_SUSPICIOUS_MOVE = YES;
				CLANG_WARN_UNGUARDED_AVAILABILITY = YES_AGGRESSIVE;
				CLANG_WARN_UNREACHABLE_CODE = YES;
				CLANG_WARN__DUPLICATE_METHOD_MATCH = YES;
				COPY_PHASE_STRIP = NO;
				DEBUG_INFORMATION_FORMAT = "dwarf-with-dsym";
				ENABLE_NS_ASSERTIONS = NO;
				ENABLE_STRICT_OBJC_MSGSEND = YES;
				GCC_C_LANGUAGE_STANDARD = gnu11;
				GCC_NO_COMMON_BLOCKS = YES;
				GCC_WARN_64_TO_32_BIT_CONVERSION = YES;
				GCC_WARN_ABOUT_RETURN_TYPE = YES_ERROR;
				GCC_WARN_UNDECLARED_SELECTOR = YES;
				GCC_WARN_UNINITIALIZED_AUTOS = YES_AGGRESSIVE;
				GCC_WARN_UNUSED_FUNCTION = YES;
				GCC_WARN_UNUSED_VARIABLE = YES;
				IPHONEOS_DEPLOYMENT_TARGET = 16.1;
				MTL_ENABLE_DEBUG_INFO = NO;
				MTL_FAST_MATH = YES;
				SDKROOT = iphoneos;
				SWIFT_COMPILATION_MODE = wholemodule;
				SWIFT_OPTIMIZATION_LEVEL = "-O";
				VALIDATE_PRODUCT = YES;
			};
			name = Release;
		};
		B3820A87292C066500CBB840 /* Debug */ = {
			isa = XCBuildConfiguration;
			buildSettings = {
				ASSETCATALOG_COMPILER_APPICON_NAME = AppIcon;
				ASSETCATALOG_COMPILER_GLOBAL_ACCENT_COLOR_NAME = AccentColor;
				CODE_SIGN_STYLE = Automatic;
				CURRENT_PROJECT_VERSION = 1;
				DEVELOPMENT_TEAM = 4HP984UV7Q;
				GENERATE_INFOPLIST_FILE = YES;
				INFOPLIST_FILE = ImageFeed/Info.plist;
				INFOPLIST_KEY_UIApplicationSupportsIndirectInputEvents = YES;
				INFOPLIST_KEY_UILaunchStoryboardName = LaunchScreen;
				INFOPLIST_KEY_UIMainStoryboardFile = Main;
				INFOPLIST_KEY_UISupportedInterfaceOrientations = UIInterfaceOrientationPortrait;
				IPHONEOS_DEPLOYMENT_TARGET = 13.0;
				LD_RUNPATH_SEARCH_PATHS = (
					"$(inherited)",
					"@executable_path/Frameworks",
				);
				MARKETING_VERSION = 1.0;
				PRODUCT_BUNDLE_IDENTIFIER = ru.marinakolbina.ImageFeed;
				PRODUCT_NAME = "$(TARGET_NAME)";
				SUPPORTED_PLATFORMS = "iphoneos iphonesimulator";
				SUPPORTS_MACCATALYST = NO;
				SUPPORTS_MAC_DESIGNED_FOR_IPHONE_IPAD = YES;
				SWIFT_EMIT_LOC_STRINGS = YES;
				SWIFT_VERSION = 5.0;
				TARGETED_DEVICE_FAMILY = 1;
			};
			name = Debug;
		};
		B3820A88292C066500CBB840 /* Release */ = {
			isa = XCBuildConfiguration;
			buildSettings = {
				ASSETCATALOG_COMPILER_APPICON_NAME = AppIcon;
				ASSETCATALOG_COMPILER_GLOBAL_ACCENT_COLOR_NAME = AccentColor;
				CODE_SIGN_STYLE = Automatic;
				CURRENT_PROJECT_VERSION = 1;
				DEVELOPMENT_TEAM = 4HP984UV7Q;
				GENERATE_INFOPLIST_FILE = YES;
				INFOPLIST_FILE = ImageFeed/Info.plist;
				INFOPLIST_KEY_UIApplicationSupportsIndirectInputEvents = YES;
				INFOPLIST_KEY_UILaunchStoryboardName = LaunchScreen;
				INFOPLIST_KEY_UIMainStoryboardFile = Main;
				INFOPLIST_KEY_UISupportedInterfaceOrientations = UIInterfaceOrientationPortrait;
				IPHONEOS_DEPLOYMENT_TARGET = 13.0;
				LD_RUNPATH_SEARCH_PATHS = (
					"$(inherited)",
					"@executable_path/Frameworks",
				);
				MARKETING_VERSION = 1.0;
				PRODUCT_BUNDLE_IDENTIFIER = ru.marinakolbina.ImageFeed;
				PRODUCT_NAME = "$(TARGET_NAME)";
				SUPPORTED_PLATFORMS = "iphoneos iphonesimulator";
				SUPPORTS_MACCATALYST = NO;
				SUPPORTS_MAC_DESIGNED_FOR_IPHONE_IPAD = YES;
				SWIFT_EMIT_LOC_STRINGS = YES;
				SWIFT_VERSION = 5.0;
				TARGETED_DEVICE_FAMILY = 1;
			};
			name = Release;
		};
/* End XCBuildConfiguration section */

/* Begin XCConfigurationList section */
		B3820A6D292C066400CBB840 /* Build configuration list for PBXProject "ImageFeed" */ = {
			isa = XCConfigurationList;
			buildConfigurations = (
				B3820A84292C066500CBB840 /* Debug */,
				B3820A85292C066500CBB840 /* Release */,
			);
			defaultConfigurationIsVisible = 0;
			defaultConfigurationName = Release;
		};
		B3820A86292C066500CBB840 /* Build configuration list for PBXNativeTarget "ImageFeed" */ = {
			isa = XCConfigurationList;
			buildConfigurations = (
				B3820A87292C066500CBB840 /* Debug */,
				B3820A88292C066500CBB840 /* Release */,
			);
			defaultConfigurationIsVisible = 0;
			defaultConfigurationName = Release;
		};
/* End XCConfigurationList section */
	};
	rootObject = B3820A6A292C066400CBB840 /* Project object */;
}
